{
  "name": "@angulartoolsdr/table-filter",
  "version": "19.1.0",
  "lockfileVersion": 3,
  "requires": true,
  "packages": {
    "": {
      "name": "@angulartoolsdr/table-filter",
      "version": "19.1.0",
      "dependencies": {
        "@angulartoolsdr/control-material": "^19.1.0",
        "tslib": "^2.3.0"
      },
      "peerDependencies": {
        "@angular/common": "^19.1.3",
        "@angular/core": "^19.1.3"
      }
    },
    "node_modules/@angular/animations": {
      "version": "19.1.3",
      "resolved": "https://registry.npmjs.org/@angular/animations/-/animations-19.1.3.tgz",
      "integrity": "sha512-MI+Tbp9OOisrQtTQH7o+xiQCODXicCs8WHNpGzdCpnXdRkQuVSOb6xAjD9OXJqcQGotLgeyennnkIJGXdz4RTA==",
      "dependencies": {
        "tslib": "^2.3.0"
      },
      "engines": {
        "node": "^18.19.1 || ^20.11.1 || >=22.0.0"
      },
      "peerDependencies": {
        "@angular/core": "19.1.3"
      }
    },
    "node_modules/@angular/cdk": {
      "version": "19.1.1",
      "resolved": "https://registry.npmjs.org/@angular/cdk/-/cdk-19.1.1.tgz",
      "integrity": "sha512-MmfNB9iANuDN1TS+HL8uKqA3/7pdVeCRN+HdAcfqFrcqZmSUUSlYWy8PXqymmyeXxoSwt9p4I/6R0By03VoCMw==",
      "peer": true,
      "dependencies": {
        "tslib": "^2.3.0"
      },
      "optionalDependencies": {
        "parse5": "^7.1.2"
      },
      "peerDependencies": {
        "@angular/common": "^19.0.0 || ^20.0.0",
        "@angular/core": "^19.0.0 || ^20.0.0",
        "rxjs": "^6.5.3 || ^7.4.0"
      }
    },
    "node_modules/@angular/common": {
      "version": "19.1.3",
      "resolved": "https://registry.npmjs.org/@angular/common/-/common-19.1.3.tgz",
      "integrity": "sha512-r1P0W6FKrON83szIJboF8z6UNCVL4HIxyD+nhmHMMT/iJpu4kDHVugaN/+w2jYLb4oelAJK5xzkzA+1IaHpzLg==",
      "peer": true,
      "dependencies": {
        "tslib": "^2.3.0"
      },
      "engines": {
        "node": "^18.19.1 || ^20.11.1 || >=22.0.0"
      },
      "peerDependencies": {
        "@angular/core": "19.1.3",
        "rxjs": "^6.5.3 || ^7.4.0"
      }
    },
    "node_modules/@angular/core": {
      "version": "19.1.3",
      "resolved": "https://registry.npmjs.org/@angular/core/-/core-19.1.3.tgz",
      "integrity": "sha512-Hh1eHvi+y+gsTRODiEEEWnRj5zqv9WNoou1KmQ1mv1NTOf0Pv61Hg9P2rBWDr0mPIXFSzqUKjyzW30BgdQ+AEA==",
      "dependencies": {
        "tslib": "^2.3.0"
      },
      "engines": {
        "node": "^18.19.1 || ^20.11.1 || >=22.0.0"
      },
      "peerDependencies": {
        "rxjs": "^6.5.3 || ^7.4.0",
        "zone.js": "~0.15.0"
      }
    },
    "node_modules/@angular/forms": {
      "version": "19.1.3",
      "resolved": "https://registry.npmjs.org/@angular/forms/-/forms-19.1.3.tgz",
      "integrity": "sha512-M6eEJBysJm9zSUhm8ggljZCsgHLccZl70P34tyddb8erh9it2uoOXW0aVaZgDt1UAiF5a1EzjdVdN4TZTT/OGA==",
      "dependencies": {
        "tslib": "^2.3.0"
      },
      "engines": {
        "node": "^18.19.1 || ^20.11.1 || >=22.0.0"
      },
      "peerDependencies": {
        "@angular/common": "19.1.3",
        "@angular/core": "19.1.3",
        "@angular/platform-browser": "19.1.3",
        "rxjs": "^6.5.3 || ^7.4.0"
      }
    },
    "node_modules/@angular/material": {
      "version": "19.1.1",
      "resolved": "https://registry.npmjs.org/@angular/material/-/material-19.1.1.tgz",
      "integrity": "sha512-x/EwyBx3yCIYyu/hve19eecmufJzwltRWOO/3Y74jY4jSNNFrR9046t0ptw4fyEXjN8UQZI6Fp/melcZxl3IiA==",
      "dependencies": {
        "tslib": "^2.3.0"
      },
      "peerDependencies": {
        "@angular/animations": "^19.0.0 || ^20.0.0",
        "@angular/cdk": "19.1.1",
        "@angular/common": "^19.0.0 || ^20.0.0",
        "@angular/core": "^19.0.0 || ^20.0.0",
        "@angular/forms": "^19.0.0 || ^20.0.0",
        "@angular/platform-browser": "^19.0.0 || ^20.0.0",
        "rxjs": "^6.5.3 || ^7.4.0"
      }
    },
    "node_modules/@angular/material-moment-adapter": {
      "version": "19.1.1",
      "resolved": "https://registry.npmjs.org/@angular/material-moment-adapter/-/material-moment-adapter-19.1.1.tgz",
      "integrity": "sha512-7PT3/AhmYDmEpkgCRgMiAzXV9DF3L5KkgF7wRAz4PVN8CBaVcpVNLFNWczDyRbDIgedJtTGRD0ssR7srohLMaw==",
      "dependencies": {
        "tslib": "^2.3.0"
      },
      "peerDependencies": {
        "@angular/core": "^19.0.0 || ^20.0.0",
        "@angular/material": "19.1.1",
        "moment": "^2.18.1"
      }
    },
    "node_modules/@angular/platform-browser": {
      "version": "19.1.3",
      "resolved": "https://registry.npmjs.org/@angular/platform-browser/-/platform-browser-19.1.3.tgz",
      "integrity": "sha512-bLgnM2hRyzUdoWRoUhe+IMenlr74EvrgwyG7anJ27bjg5PcvhQPXrGqU0hri5yPDb9SHVJZminr7OjNCN8QJkQ==",
      "peer": true,
      "dependencies": {
        "tslib": "^2.3.0"
      },
      "engines": {
        "node": "^18.19.1 || ^20.11.1 || >=22.0.0"
      },
      "peerDependencies": {
        "@angular/animations": "19.1.3",
        "@angular/common": "19.1.3",
        "@angular/core": "19.1.3"
      },
      "peerDependenciesMeta": {
        "@angular/animations": {
          "optional": true
        }
      }
    },
    "node_modules/@angulartoolsdr/control-material": {
      "version": "19.1.0",
      "resolved": "https://registry.npmjs.org/@angulartoolsdr/control-material/-/control-material-19.1.0.tgz",
      "integrity": "sha512-huZSE2X4Dg65Vojm8jNX7x4mrFGY6avsWPIs0Sh1z79qL3LzV+u4BDD4C1B4j8Kl8Jep0URhTYfsArhw5p/d9g==",
      "dependencies": {
        "@angular/animations": "^19.1.3",
        "@angular/core": "^19.1.3",
        "@angular/forms": "^19.1.3",
        "@angular/material": "^19.1.1",
        "@angular/material-moment-adapter": "^19.1.1",
        "@angulartoolsdr/shared-utils": "file:../../dist/shared-utils",
        "@katyan/datetime-picker": "^19.0.0",
        "@ngxmc/moment-adapter": "^19.1.0",
        "moment": "^2.30.1",
        "ngx-toastr": "^19.0.0",
        "tslib": "^2.3.0"
      },
      "peerDependencies": {
        "@angular/common": "^19.1.3",
        "@fortawesome/fontawesome-svg-core": "^6.7.2",
        "@fortawesome/pro-solid-svg-icons": "^6.7.2",
        "@katyan/datetime-picker": "^19.0.0",
        "angular-imask": "^7.6.1",
        "libphonenumber-js": "^1.11.18",
        "ngx-colors": "^3.6.0"
      }
    },
    "node_modules/@angulartoolsdr/shared-utils": {
      "resolved": "node_modules/dist/shared-utils",
      "link": true
    },
    "node_modules/@babel/runtime-corejs3": {
      "version": "7.26.7",
      "resolved": "https://registry.npmjs.org/@babel/runtime-corejs3/-/runtime-corejs3-7.26.7.tgz",
      "integrity": "sha512-55gRV8vGrCIYZnaQHQrD92Lo/hYE3Sj5tmbuf0hhHR7sj2CWhEhHU89hbq+UVDXvFG1zUVXJhUkEq1eAfqXtFw==",
      "peer": true,
      "dependencies": {
        "core-js-pure": "^3.30.2",
        "regenerator-runtime": "^0.14.0"
      },
      "engines": {
        "node": ">=6.9.0"
      }
    },
    "node_modules/@fortawesome/fontawesome-common-types": {
      "version": "6.7.2",
      "resolved": "https://npm.fontawesome.com/@fortawesome/fontawesome-common-types/-/6.7.2/fontawesome-common-types-6.7.2.tgz",
      "integrity": "sha512-Zs+YeHUC5fkt7Mg1l6XTniei3k4bwG/yo3iFUtZWd/pMx9g3fdvkSK9E0FOC+++phXOka78uJcYb8JaFkW52Xg==",
      "peer": true,
      "engines": {
        "node": ">=6"
      }
    },
    "node_modules/@fortawesome/fontawesome-svg-core": {
      "version": "6.7.2",
      "resolved": "https://npm.fontawesome.com/@fortawesome/fontawesome-svg-core/-/6.7.2/fontawesome-svg-core-6.7.2.tgz",
      "integrity": "sha512-yxtOBWDrdi5DD5o1pmVdq3WMCvnobT0LU6R8RyyVXPvFRd2o79/0NCuQoCjNTeZz9EzA9xS3JxNWfv54RIHFEA==",
      "peer": true,
      "dependencies": {
        "@fortawesome/fontawesome-common-types": "6.7.2"
      },
      "engines": {
        "node": ">=6"
      }
    },
    "node_modules/@fortawesome/pro-solid-svg-icons": {
      "version": "6.7.2",
      "resolved": "https://npm.fontawesome.com/@fortawesome/pro-solid-svg-icons/-/6.7.2/pro-solid-svg-icons-6.7.2.tgz",
      "integrity": "sha512-SY2aP8d7uBlg1rNYznA9w9SVnnQhu3x/C7CCKQYcOGOC1YtPPHgIJhxKGbSzm6RkeJs1HVEfAkORX3J0XB5K9Q==",
      "peer": true,
      "dependencies": {
        "@fortawesome/fontawesome-common-types": "6.7.2"
      },
      "engines": {
        "node": ">=6"
      }
    },
    "node_modules/@katyan/datetime-picker": {
      "version": "19.0.0",
      "resolved": "https://registry.npmjs.org/@katyan/datetime-picker/-/datetime-picker-19.0.0.tgz",
      "integrity": "sha512-McyDO9jM+HHALGs1OebKFkik8wD9K1tzOITDqdEJjeY0sBuzMULm++xfvq1mdl+pofig3clriZ6BPw9bdvEbZQ==",
      "dependencies": {
        "tslib": "^2.3.0"
      },
      "peerDependencies": {
        "@angular/cdk": "^19.0.0",
        "@angular/common": "^19.0.0",
        "@angular/core": "^19.0.0",
        "@angular/forms": "^19.0.0",
        "@angular/material": "^19.0.0",
        "@angular/platform-browser": "^19.0.0"
      }
    },
    "node_modules/@ngxmc/moment-adapter": {
      "version": "19.1.0",
      "resolved": "https://registry.npmjs.org/@ngxmc/moment-adapter/-/moment-adapter-19.1.0.tgz",
      "integrity": "sha512-eQpW2uMu9gQjMLqQ6KqFVj0Uk31vR+C4hHYUXt27Z+eXoeegZ5q7G61crXKYDiFFOkTRWOJSpR1usfrl+4CnAQ==",
      "dependencies": {
        "tslib": "^2.3.0"
      },
      "peerDependencies": {
        "@angular/common": "^19.0.0",
        "@angular/core": "^19.0.0",
        "moment": "^2.18.1"
      }
    },
    "node_modules/angular-imask": {
      "version": "7.6.1",
      "resolved": "https://registry.npmjs.org/angular-imask/-/angular-imask-7.6.1.tgz",
      "integrity": "sha512-RL56eHBMfo+15nLmlO/Y0Fb7eYwjc8CRl6mpUsiG7KxBQ9rsH8Va/wD6HhcYXjOuNYvGqM1aTDYAqayu1wp3Xw==",
      "peer": true,
      "dependencies": {
        "imask": "^7.6.1",
        "tslib": "^2.6.2"
      }
    },
    "node_modules/core-js-pure": {
      "version": "3.40.0",
      "resolved": "https://registry.npmjs.org/core-js-pure/-/core-js-pure-3.40.0.tgz",
      "integrity": "sha512-AtDzVIgRrmRKQai62yuSIN5vNiQjcJakJb4fbhVw3ehxx7Lohphvw9SGNWKhLFqSxC4ilD0g/L1huAYFQU3Q6A==",
      "hasInstallScript": true,
      "peer": true,
      "funding": {
        "type": "opencollective",
        "url": "https://opencollective.com/core-js"
      }
    },
    "node_modules/dist/shared-utils": {},
    "node_modules/entities": {
      "version": "4.5.0",
      "resolved": "https://registry.npmjs.org/entities/-/entities-4.5.0.tgz",
      "integrity": "sha512-V0hjH4dGPh9Ao5p0MoRY6BVqtwCjhz6vI5LT8AJ55H+4g9/4vbHx1I54fS0XuclLhDHArPQCiMjDxjaL8fPxhw==",
      "optional": true,
      "peer": true,
      "engines": {
        "node": ">=0.12"
      },
      "funding": {
        "url": "https://github.com/fb55/entities?sponsor=1"
      }
    },
    "node_modules/imask": {
      "version": "7.6.1",
      "resolved": "https://registry.npmjs.org/imask/-/imask-7.6.1.tgz",
      "integrity": "sha512-sJlIFM7eathUEMChTh9Mrfw/IgiWgJqBKq2VNbyXvBZ7ev/IlO6/KQTKlV/Fm+viQMLrFLG/zCuudrLIwgK2dg==",
      "peer": true,
      "dependencies": {
        "@babel/runtime-corejs3": "^7.24.4"
      },
      "engines": {
        "npm": ">=4.0.0"
      }
    },
    "node_modules/libphonenumber-js": {
      "version": "1.11.18",
      "resolved": "https://registry.npmjs.org/libphonenumber-js/-/libphonenumber-js-1.11.18.tgz",
      "integrity": "sha512-okMm/MCoFrm1vByeVFLBdkFIXLSHy/AIK2AEGgY3eoicfWZeOZqv3GfhtQgICkzs/tqorAMm3a4GBg5qNCrqzg==",
      "peer": true
    },
    "node_modules/moment": {
      "version": "2.30.1",
      "resolved": "https://registry.npmjs.org/moment/-/moment-2.30.1.tgz",
      "integrity": "sha512-uEmtNhbDOrWPFS+hdjFCBfy9f2YoyzRpwcl+DqpC6taX21FzsTLQVbMV/W7PzNSX6x/bhC1zA3c2UQ5NzH6how==",
      "engines": {
        "node": "*"
      }
    },
    "node_modules/ngx-colors": {
      "version": "3.6.0",
      "resolved": "https://registry.npmjs.org/ngx-colors/-/ngx-colors-3.6.0.tgz",
      "integrity": "sha512-jPFzosd7t7YHKqKTBbOxdAF67aevBTiv0UdS0i7umWQMdMfi0lwcNTrL8XLhW2YbIpy98r54zWgc0iZH5FpiZA==",
      "peer": true,
      "dependencies": {
        "tslib": "^2.0.0"
      },
      "peerDependencies": {
        "@angular/animations": ">=15.0.0",
        "@angular/common": ">=15.0.0",
        "@angular/core": ">=15.0.0",
        "@angular/forms": ">=15.0.0"
      }
    },
    "node_modules/ngx-toastr": {
      "version": "19.0.0",
      "resolved": "https://registry.npmjs.org/ngx-toastr/-/ngx-toastr-19.0.0.tgz",
      "integrity": "sha512-6pTnktwwWD+kx342wuMOWB4+bkyX9221pAgGz3SHOJH0/MI9erLucS8PeeJDFwbUYyh75nQ6AzVtolgHxi52dQ==",
      "dependencies": {
        "tslib": "^2.3.0"
      },
      "peerDependencies": {
        "@angular/common": ">=16.0.0-0",
        "@angular/core": ">=16.0.0-0",
        "@angular/platform-browser": ">=16.0.0-0"
      }
    },
    "node_modules/parse5": {
      "version": "7.2.1",
      "resolved": "https://registry.npmjs.org/parse5/-/parse5-7.2.1.tgz",
      "integrity": "sha512-BuBYQYlv1ckiPdQi/ohiivi9Sagc9JG+Ozs0r7b/0iK3sKmrb0b9FdWdBbOdx6hBCM/F9Ir82ofnBhtZOjCRPQ==",
      "optional": true,
      "peer": true,
      "dependencies": {
        "entities": "^4.5.0"
      },
      "funding": {
        "url": "https://github.com/inikulin/parse5?sponsor=1"
      }
    },
    "node_modules/regenerator-runtime": {
      "version": "0.14.1",
      "resolved": "https://registry.npmjs.org/regenerator-runtime/-/regenerator-runtime-0.14.1.tgz",
      "integrity": "sha512-dYnhHh0nJoMfnkZs6GmmhFknAGRrLznOu5nc9ML+EJxGvrx6H7teuevqVqCuPcPK//3eDrrjQhehXVx9cnkGdw==",
      "peer": true
    },
    "node_modules/rxjs": {
      "version": "7.8.1",
      "resolved": "https://registry.npmjs.org/rxjs/-/rxjs-7.8.1.tgz",
      "integrity": "sha512-AA3TVj+0A2iuIoQkWEK/tqFjBq2j+6PO6Y0zJcvzLAFhEFIO3HL0vls9hWLncZbAAbK0mar7oZ4V079I/qPMxg==",
      "peer": true,
      "dependencies": {
        "tslib": "^2.1.0"
      }
    },
    "node_modules/tslib": {
      "version": "2.8.1",
      "resolved": "https://registry.npmjs.org/tslib/-/tslib-2.8.1.tgz",
      "integrity": "sha512-oJFu94HQb+KVduSUQL7wnpmqnfmLsOA/nAh6b6EH0wCEoK0/mPeXU6c3wKDV83MkOuHPRHtSXKKU99IBazS/2w=="
    },
    "node_modules/zone.js": {
      "version": "0.15.0",
      "resolved": "https://registry.npmjs.org/zone.js/-/zone.js-0.15.0.tgz",
      "integrity": "sha512-9oxn0IIjbCZkJ67L+LkhYWRyAy7axphb3VgE2MBDlOqnmHMPWGYMxJxBYFueFq/JGY2GMwS0rU+UCLunEmy5UA==",
      "peer": true
    }
  }
}
